
Microsoft Visual Studio Solution File, Format Version 12.00
# Visual Studio Version 17
VisualStudioVersion = 17.11.35219.272
MinimumVisualStudioVersion = 10.0.40219.1
Project("{8BC9CEB8-8B4A-11D0-8D11-00A0C91BC942}") = "Lesson STL 5 forward list", "Lesson STL 5 forward list\Lesson STL 5 forward list.vcxproj", "{50DA3003-AAF3-4050-B365-6263B0A1D6ED}"
EndProject
Global
	GlobalSection(SolutionConfigurationPlatforms) = preSolution
		Debug|x64 = Debug|x64
		Debug|x86 = Debug|x86
		Release|x64 = Release|x64
		Release|x86 = Release|x86
	EndGlobalSection
	GlobalSection(ProjectConfigurationPlatforms) = postSolution
		{50DA3003-AAF3-4050-B365-6263B0A1D6ED}.Debug|x64.ActiveCfg = Debug|x64
		{50DA3003-AAF3-4050-B365-6263B0A1D6ED}.Debug|x64.Build.0 = Debug|x64
		{50DA3003-AAF3-4050-B365-6263B0A1D6ED}.Debug|x86.ActiveCfg = Debug|Win32
		{50DA3003-AAF3-4050-B365-6263B0A1D6ED}.Debug|x86.Build.0 = Debug|Win32
		{50DA3003-AAF3-4050-B365-6263B0A1D6ED}.Release|x64.ActiveCfg = Release|x64
		{50DA3003-AAF3-4050-B365-6263B0A1D6ED}.Release|x64.Build.0 = Release|x64
		{50DA3003-AAF3-4050-B365-6263B0A1D6ED}.Release|x86.ActiveCfg = Release|Win32
		{50DA3003-AAF3-4050-B365-6263B0A1D6ED}.Release|x86.Build.0 = Release|Win32
	EndGlobalSection
	GlobalSection(SolutionProperties) = preSolution
		HideSolutionNode = FALSE
	EndGlobalSection
	GlobalSection(ExtensibilityGlobals) = postSolution
		SolutionGuid = {5135A5F6-EFFC-4F9E-A4A6-143B2B9A8C6A}
	EndGlobalSection
EndGlobal
